
Microsoft Visual Studio Solution File, Format Version 12.00
# Visual Studio Version 16
VisualStudioVersion = 16.0.31313.79
MinimumVisualStudioVersion = 10.0.40219.1
Project("{9A19103F-16F7-4668-BE54-9A1E7A4F7556}") = "ESPN_Nunit_Test", "ESPN_Nunit_Test.csproj", "{A7567B13-8125-4101-A43C-355C70E035D2}"
EndProject
Global
	GlobalSection(SolutionConfigurationPlatforms) = preSolution
		Debug|Any CPU = Debug|Any CPU
		Release|Any CPU = Release|Any CPU
	EndGlobalSection
	GlobalSection(ProjectConfigurationPlatforms) = postSolution
		{A7567B13-8125-4101-A43C-355C70E035D2}.Debug|Any CPU.ActiveCfg = Debug|Any CPU
		{A7567B13-8125-4101-A43C-355C70E035D2}.Debug|Any CPU.Build.0 = Debug|Any CPU
		{A7567B13-8125-4101-A43C-355C70E035D2}.Release|Any CPU.ActiveCfg = Release|Any CPU
		{A7567B13-8125-4101-A43C-355C70E035D2}.Release|Any CPU.Build.0 = Release|Any CPU
	EndGlobalSection
	GlobalSection(SolutionProperties) = preSolution
		HideSolutionNode = FALSE
	EndGlobalSection
	GlobalSection(ExtensibilityGlobals) = postSolution
		SolutionGuid = {EBB6B5C3-D431-463D-8162-1F5F73E375A4}
	EndGlobalSection
EndGlobal
